// !$*UTF8*$!
{
	archiveVersion = 1;
	classes = {
	};
	objectVersion = 46;
	objects = {

/* Begin PBXBuildFile section */
		ED00609E15CC594100B94CCD /* GCDTcpServer.h in Headers */ = {isa = PBXBuildFile; fileRef = ED00609C15CC594100B94CCD /* GCDTcpServer.h */; settings = {ATTRIBUTES = (Private, ); }; };
		ED00609F15CC594100B94CCD /* GCDTcpServer.m in Sources */ = {isa = PBXBuildFile; fileRef = ED00609D15CC594100B94CCD /* GCDTcpServer.m */; };
		ED055F1916E1041A00B6E34E /* GCDInputStream.h in Headers */ = {isa = PBXBuildFile; fileRef = ED055F1716E1041A00B6E34E /* GCDInputStream.h */; };
		ED055F1A16E1041A00B6E34E /* GCDInputStream.m in Sources */ = {isa = PBXBuildFile; fileRef = ED055F1816E1041A00B6E34E /* GCDInputStream.m */; };
		ED055F1D16E10EAA00B6E34E /* GCDOutputStream.h in Headers */ = {isa = PBXBuildFile; fileRef = ED055F1B16E10EAA00B6E34E /* GCDOutputStream.h */; };
		ED055F1E16E10EAA00B6E34E /* GCDOutputStream.m in Sources */ = {isa = PBXBuildFile; fileRef = ED055F1C16E10EAA00B6E34E /* GCDOutputStream.m */; };
		ED10BB3415C79D9900784627 /* GCDTcpSocket.h in Headers */ = {isa = PBXBuildFile; fileRef = ED10BB3215C79D9900784627 /* GCDTcpSocket.h */; settings = {ATTRIBUTES = (Private, ); }; };
		ED10BB3515C79D9900784627 /* GCDTcpSocket.m in Sources */ = {isa = PBXBuildFile; fileRef = ED10BB3315C79D9900784627 /* GCDTcpSocket.m */; };
		EDDD263314E058D8003379E4 /* GCDNetworking.h in Headers */ = {isa = PBXBuildFile; fileRef = EDE9B98D14E01A1400C06D16 /* GCDNetworking.h */; settings = {ATTRIBUTES = (Public, ); }; };
		EDE2A8EA14E2E27200AF739B /* Foundation.framework in Frameworks */ = {isa = PBXBuildFile; fileRef = EDE9B98514E01A1400C06D16 /* Foundation.framework */; };
		EDE9B98B14E01A1400C06D16 /* InfoPlist.strings in Resources */ = {isa = PBXBuildFile; fileRef = EDE9B98914E01A1400C06D16 /* InfoPlist.strings */; };
/* End PBXBuildFile section */

/* Begin PBXFileReference section */
		ED00609C15CC594100B94CCD /* GCDTcpServer.h */ = {isa = PBXFileReference; fileEncoding = 4; lastKnownFileType = sourcecode.c.h; path = GCDTcpServer.h; sourceTree = "<group>"; };
		ED00609D15CC594100B94CCD /* GCDTcpServer.m */ = {isa = PBXFileReference; fileEncoding = 4; lastKnownFileType = sourcecode.c.objc; path = GCDTcpServer.m; sourceTree = "<group>"; };
		ED055F1716E1041A00B6E34E /* GCDInputStream.h */ = {isa = PBXFileReference; fileEncoding = 4; lastKnownFileType = sourcecode.c.h; path = GCDInputStream.h; sourceTree = "<group>"; };
		ED055F1816E1041A00B6E34E /* GCDInputStream.m */ = {isa = PBXFileReference; fileEncoding = 4; lastKnownFileType = sourcecode.c.objc; path = GCDInputStream.m; sourceTree = "<group>"; };
		ED055F1B16E10EAA00B6E34E /* GCDOutputStream.h */ = {isa = PBXFileReference; fileEncoding = 4; lastKnownFileType = sourcecode.c.h; path = GCDOutputStream.h; sourceTree = "<group>"; };
		ED055F1C16E10EAA00B6E34E /* GCDOutputStream.m */ = {isa = PBXFileReference; fileEncoding = 4; lastKnownFileType = sourcecode.c.objc; path = GCDOutputStream.m; sourceTree = "<group>"; };
		ED10BB3215C79D9900784627 /* GCDTcpSocket.h */ = {isa = PBXFileReference; fileEncoding = 4; lastKnownFileType = sourcecode.c.h; path = GCDTcpSocket.h; sourceTree = "<group>"; };
		ED10BB3315C79D9900784627 /* GCDTcpSocket.m */ = {isa = PBXFileReference; fileEncoding = 4; lastKnownFileType = sourcecode.c.objc; path = GCDTcpSocket.m; sourceTree = "<group>"; };
		EDE9B97D14E01A1400C06D16 /* GCDNetworking.framework */ = {isa = PBXFileReference; explicitFileType = wrapper.framework; includeInIndex = 0; path = GCDNetworking.framework; sourceTree = BUILT_PRODUCTS_DIR; };
		EDE9B98514E01A1400C06D16 /* Foundation.framework */ = {isa = PBXFileReference; lastKnownFileType = wrapper.framework; name = Foundation.framework; path = System/Library/Frameworks/Foundation.framework; sourceTree = SDKROOT; };
		EDE9B98814E01A1400C06D16 /* GCDNetworking-Info.plist */ = {isa = PBXFileReference; lastKnownFileType = text.plist.xml; path = "GCDNetworking-Info.plist"; sourceTree = "<group>"; };
		EDE9B98A14E01A1400C06D16 /* en */ = {isa = PBXFileReference; lastKnownFileType = text.plist.strings; name = en; path = en.lproj/InfoPlist.strings; sourceTree = "<group>"; };
		EDE9B98C14E01A1400C06D16 /* GCDNetworking-Prefix.pch */ = {isa = PBXFileReference; lastKnownFileType = sourcecode.c.h; path = "GCDNetworking-Prefix.pch"; sourceTree = "<group>"; };
		EDE9B98D14E01A1400C06D16 /* GCDNetworking.h */ = {isa = PBXFileReference; lastKnownFileType = sourcecode.c.h; path = GCDNetworking.h; sourceTree = "<group>"; };
/* End PBXFileReference section */

/* Begin PBXFrameworksBuildPhase section */
		EDE9B97914E01A1400C06D16 /* Frameworks */ = {
			isa = PBXFrameworksBuildPhase;
			buildActionMask = 2147483647;
			files = (
				EDE2A8EA14E2E27200AF739B /* Foundation.framework in Frameworks */,
			);
			runOnlyForDeploymentPostprocessing = 0;
		};
/* End PBXFrameworksBuildPhase section */

/* Begin PBXGroup section */
		EDA2CF1F16E38B6B009B2143 /* Streams */ = {
			isa = PBXGroup;
			children = (
				ED055F1716E1041A00B6E34E /* GCDInputStream.h */,
				ED055F1816E1041A00B6E34E /* GCDInputStream.m */,
				ED055F1B16E10EAA00B6E34E /* GCDOutputStream.h */,
				ED055F1C16E10EAA00B6E34E /* GCDOutputStream.m */,
			);
			name = Streams;
			sourceTree = "<group>";
		};
		EDE9B97114E01A1400C06D16 = {
			isa = PBXGroup;
			children = (
				EDE9B98614E01A1400C06D16 /* GCDNetworking */,
				EDE9B97F14E01A1400C06D16 /* Frameworks */,
				EDE9B97E14E01A1400C06D16 /* Products */,
			);
			sourceTree = "<group>";
		};
		EDE9B97E14E01A1400C06D16 /* Products */ = {
			isa = PBXGroup;
			children = (
				EDE9B97D14E01A1400C06D16 /* GCDNetworking.framework */,
			);
			name = Products;
			sourceTree = "<group>";
		};
		EDE9B97F14E01A1400C06D16 /* Frameworks */ = {
			isa = PBXGroup;
			children = (
				EDE9B98514E01A1400C06D16 /* Foundation.framework */,
			);
			name = Frameworks;
			sourceTree = "<group>";
		};
		EDE9B98614E01A1400C06D16 /* GCDNetworking */ = {
			isa = PBXGroup;
			children = (
				EDA2CF1F16E38B6B009B2143 /* Streams */,
				ED00609C15CC594100B94CCD /* GCDTcpServer.h */,
				ED00609D15CC594100B94CCD /* GCDTcpServer.m */,
				EDE9B98D14E01A1400C06D16 /* GCDNetworking.h */,
				ED10BB3215C79D9900784627 /* GCDTcpSocket.h */,
				ED10BB3315C79D9900784627 /* GCDTcpSocket.m */,
				EDE9B98714E01A1400C06D16 /* Supporting Files */,
			);
			path = GCDNetworking;
			sourceTree = "<group>";
		};
		EDE9B98714E01A1400C06D16 /* Supporting Files */ = {
			isa = PBXGroup;
			children = (
				EDE9B98814E01A1400C06D16 /* GCDNetworking-Info.plist */,
				EDE9B98914E01A1400C06D16 /* InfoPlist.strings */,
				EDE9B98C14E01A1400C06D16 /* GCDNetworking-Prefix.pch */,
			);
			name = "Supporting Files";
			sourceTree = "<group>";
		};
/* End PBXGroup section */

/* Begin PBXHeadersBuildPhase section */
		EDE9B97A14E01A1400C06D16 /* Headers */ = {
			isa = PBXHeadersBuildPhase;
			buildActionMask = 2147483647;
			files = (
				EDDD263314E058D8003379E4 /* GCDNetworking.h in Headers */,
				ED10BB3415C79D9900784627 /* GCDTcpSocket.h in Headers */,
				ED00609E15CC594100B94CCD /* GCDTcpServer.h in Headers */,
				ED055F1916E1041A00B6E34E /* GCDInputStream.h in Headers */,
				ED055F1D16E10EAA00B6E34E /* GCDOutputStream.h in Headers */,
			);
			runOnlyForDeploymentPostprocessing = 0;
		};
/* End PBXHeadersBuildPhase section */

/* Begin PBXNativeTarget section */
		EDE9B97C14E01A1400C06D16 /* GCDNetworking */ = {
			isa = PBXNativeTarget;
			buildConfigurationList = EDE9B99214E01A1400C06D16 /* Build configuration list for PBXNativeTarget "GCDNetworking" */;
			buildPhases = (
				EDE9B97814E01A1400C06D16 /* Sources */,
				EDE9B97914E01A1400C06D16 /* Frameworks */,
				EDE9B97A14E01A1400C06D16 /* Headers */,
				EDE9B97B14E01A1400C06D16 /* Resources */,
			);
			buildRules = (
			);
			dependencies = (
			);
			name = GCDNetworking;
			productName = GCDNetworking;
			productReference = EDE9B97D14E01A1400C06D16 /* GCDNetworking.framework */;
			productType = "com.apple.product-type.framework";
		};
/* End PBXNativeTarget section */

/* Begin PBXProject section */
		EDE9B97314E01A1400C06D16 /* Project object */ = {
			isa = PBXProject;
			attributes = {
				LastUpgradeCheck = 0460;
				ORGANIZATIONNAME = "Develer srl";
			};
			buildConfigurationList = EDE9B97614E01A1400C06D16 /* Build configuration list for PBXProject "GCDNetworking" */;
			compatibilityVersion = "Xcode 3.2";
			developmentRegion = English;
			hasScannedForEncodings = 0;
			knownRegions = (
				en,
			);
			mainGroup = EDE9B97114E01A1400C06D16;
			productRefGroup = EDE9B97E14E01A1400C06D16 /* Products */;
			projectDirPath = "";
			projectRoot = "";
			targets = (
				EDE9B97C14E01A1400C06D16 /* GCDNetworking */,
			);
		};
/* End PBXProject section */

/* Begin PBXResourcesBuildPhase section */
		EDE9B97B14E01A1400C06D16 /* Resources */ = {
			isa = PBXResourcesBuildPhase;
			buildActionMask = 2147483647;
			files = (
				EDE9B98B14E01A1400C06D16 /* InfoPlist.strings in Resources */,
			);
			runOnlyForDeploymentPostprocessing = 0;
		};
/* End PBXResourcesBuildPhase section */

/* Begin PBXSourcesBuildPhase section */
		EDE9B97814E01A1400C06D16 /* Sources */ = {
			isa = PBXSourcesBuildPhase;
			buildActionMask = 2147483647;
			files = (
				ED10BB3515C79D9900784627 /* GCDTcpSocket.m in Sources */,
				ED00609F15CC594100B94CCD /* GCDTcpServer.m in Sources */,
				ED055F1A16E1041A00B6E34E /* GCDInputStream.m in Sources */,
				ED055F1E16E10EAA00B6E34E /* GCDOutputStream.m in Sources */,
			);
			runOnlyForDeploymentPostprocessing = 0;
		};
/* End PBXSourcesBuildPhase section */

/* Begin PBXVariantGroup section */
		EDE9B98914E01A1400C06D16 /* InfoPlist.strings */ = {
			isa = PBXVariantGroup;
			children = (
				EDE9B98A14E01A1400C06D16 /* en */,
			);
			name = InfoPlist.strings;
			sourceTree = "<group>";
		};
/* End PBXVariantGroup section */

/* Begin XCBuildConfiguration section */
		EDE9B99014E01A1400C06D16 /* Debug */ = {
			isa = XCBuildConfiguration;
			buildSettings = {
				ALWAYS_SEARCH_USER_PATHS = NO;
				ARCHS = "$(ARCHS_STANDARD_64_BIT)";
				CLANG_WARN_CONSTANT_CONVERSION = YES;
				CLANG_WARN_ENUM_CONVERSION = YES;
				CLANG_WARN_INT_CONVERSION = YES;
				CLANG_WARN__DUPLICATE_METHOD_MATCH = YES;
				COPY_PHASE_STRIP = NO;
				GCC_C_LANGUAGE_STANDARD = gnu99;
				GCC_DYNAMIC_NO_PIC = NO;
				GCC_ENABLE_OBJC_EXCEPTIONS = YES;
				GCC_OPTIMIZATION_LEVEL = 0;
				GCC_PREPROCESSOR_DEFINITIONS = (
					"DEBUG=1",
					"$(inherited)",
				);
				GCC_SYMBOLS_PRIVATE_EXTERN = NO;
				GCC_VERSION = com.apple.compilers.llvm.clang.1_0;
				GCC_WARN_64_TO_32_BIT_CONVERSION = YES;
				GCC_WARN_ABOUT_MISSING_PROTOTYPES = YES;
				GCC_WARN_ABOUT_RETURN_TYPE = YES;
				GCC_WARN_UNINITIALIZED_AUTOS = YES;
				GCC_WARN_UNUSED_VARIABLE = YES;
				MACOSX_DEPLOYMENT_TARGET = 10.8;
				ONLY_ACTIVE_ARCH = YES;
				SDKROOT = macosx;
			};
			name = Debug;
		};
		EDE9B99114E01A1400C06D16 /* Release */ = {
			isa = XCBuildConfiguration;
			buildSettings = {
				ALWAYS_SEARCH_USER_PATHS = NO;
				ARCHS = "$(ARCHS_STANDARD_64_BIT)";
				CLANG_WARN_CONSTANT_CONVERSION = YES;
				CLANG_WARN_ENUM_CONVERSION = YES;
				CLANG_WARN_INT_CONVERSION = YES;
				CLANG_WARN__DUPLICATE_METHOD_MATCH = YES;
				COPY_PHASE_STRIP = YES;
				DEBUG_INFORMATION_FORMAT = "dwarf-with-dsym";
				GCC_C_LANGUAGE_STANDARD = gnu99;
				GCC_ENABLE_OBJC_EXCEPTIONS = YES;
				GCC_VERSION = com.apple.compilers.llvm.clang.1_0;
				GCC_WARN_64_TO_32_BIT_CONVERSION = YES;
				GCC_WARN_ABOUT_MISSING_PROTOTYPES = YES;
				GCC_WARN_ABOUT_RETURN_TYPE = YES;
				GCC_WARN_UNINITIALIZED_AUTOS = YES;
				GCC_WARN_UNUSED_VARIABLE = YES;
				MACOSX_DEPLOYMENT_TARGET = 10.8;
				SDKROOT = macosx;
			};
			name = Release;
		};
		EDE9B99314E01A1400C06D16 /* Debug */ = {
			isa = XCBuildConfiguration;
			buildSettings = {
				CLANG_ENABLE_OBJC_ARC = YES;
				COMBINE_HIDPI_IMAGES = YES;
				DYLIB_COMPATIBILITY_VERSION = 1;
				DYLIB_CURRENT_VERSION = 1;
				FRAMEWORK_VERSION = A;
				GCC_PRECOMPILE_PREFIX_HEADER = YES;
				GCC_PREFIX_HEADER = "GCDNetworking/GCDNetworking-Prefix.pch";
				INFOPLIST_FILE = "GCDNetworking/GCDNetworking-Info.plist";
				PRODUCT_NAME = "$(TARGET_NAME)";
				WRAPPER_EXTENSION = framework;
			};
			name = Debug;
		};
		EDE9B99414E01A1400C06D16 /* Release */ = {
			isa = XCBuildConfiguration;
			buildSettings = {
				CLANG_ENABLE_OBJC_ARC = YES;
				COMBINE_HIDPI_IMAGES = YES;
				DYLIB_COMPATIBILITY_VERSION = 1;
				DYLIB_CURRENT_VERSION = 1;
				FRAMEWORK_VERSION = A;
				GCC_PRECOMPILE_PREFIX_HEADER = YES;
				GCC_PREFIX_HEADER = "GCDNetworking/GCDNetworking-Prefix.pch";
				INFOPLIST_FILE = "GCDNetworking/GCDNetworking-Info.plist";
				PRODUCT_NAME = "$(TARGET_NAME)";
				WRAPPER_EXTENSION = framework;
			};
			name = Release;
		};
/* End XCBuildConfiguration section */

/* Begin XCConfigurationList section */
		EDE9B97614E01A1400C06D16 /* Build configuration list for PBXProject "GCDNetworking" */ = {
			isa = XCConfigurationList;
			buildConfigurations = (
				EDE9B99014E01A1400C06D16 /* Debug */,
				EDE9B99114E01A1400C06D16 /* Release */,
			);
			defaultConfigurationIsVisible = 0;
			defaultConfigurationName = Release;
		};
		EDE9B99214E01A1400C06D16 /* Build configuration list for PBXNativeTarget "GCDNetworking" */ = {
			isa = XCConfigurationList;
			buildConfigurations = (
				EDE9B99314E01A1400C06D16 /* Debug */,
				EDE9B99414E01A1400C06D16 /* Release */,
			);
			defaultConfigurationIsVisible = 0;
			defaultConfigurationName = Release;
		};
/* End XCConfigurationList section */
	};
	rootObject = EDE9B97314E01A1400C06D16 /* Project object */;
}
